{
  "version": "5",
  "redirects": {
    "https://esm.sh/@supabase/supabase-js@2": "https://esm.sh/@supabase/supabase-js@2.89.0",
    "https://esm.sh/iceberg-js@^0.8.1?target=denonext": "https://esm.sh/iceberg-js@0.8.1?target=denonext"
  },
  "remote": {
    "https://deno.land/std@0.168.0/async/abortable.ts": "80b2ac399f142cc528f95a037a7d0e653296352d95c681e284533765961de409",
    "https://deno.land/std@0.168.0/async/deadline.ts": "2c2deb53c7c28ca1dda7a3ad81e70508b1ebc25db52559de6b8636c9278fd41f",
    "https://deno.land/std@0.168.0/async/debounce.ts": "60301ffb37e730cd2d6f9dadfd0ecb2a38857681bd7aaf6b0a106b06e5210a98",
    "https://deno.land/std@0.168.0/async/deferred.ts": "77d3f84255c3627f1cc88699d8472b664d7635990d5358c4351623e098e917d6",
    "https://deno.land/std@0.168.0/async/delay.ts": "5a9bfba8de38840308a7a33786a0155a7f6c1f7a859558ddcec5fe06e16daf57",
    "https://deno.land/std@0.168.0/async/mod.ts": "7809ad4bb223e40f5fdc043e5c7ca04e0e25eed35c32c3c32e28697c553fa6d9",
    "https://deno.land/std@0.168.0/async/mux_async_iterator.ts": "770a0ff26c59f8bbbda6b703a2235f04e379f73238e8d66a087edc68c2a2c35f",
    "https://deno.land/std@0.168.0/async/pool.ts": "6854d8cd675a74c73391c82005cbbe4cc58183bddcd1fbbd7c2bcda42b61cf69",
    "https://deno.land/std@0.168.0/async/retry.ts": "e8e5173623915bbc0ddc537698fa418cf875456c347eda1ed453528645b42e67",
    "https://deno.land/std@0.168.0/async/tee.ts": "3a47cc4e9a940904fd4341f0224907e199121c80b831faa5ec2b054c6d2eff5e",
    "https://deno.land/std@0.168.0/http/server.ts": "e99c1bee8a3f6571ee4cdeb2966efad465b8f6fe62bec1bdb59c1f007cc4d155",
    "https://esm.sh/@supabase/auth-js@2.89.0/denonext/auth-js.mjs": "7564602b661ea604c556b71402e3c7957d7c5be4785c1612765f1ce654d57b46",
    "https://esm.sh/@supabase/functions-js@2.89.0/denonext/functions-js.mjs": "ad96f85b7c776e988d2990d16a6c53e7996545dfe5b8559dbfb9927b793e608d",
    "https://esm.sh/@supabase/postgrest-js@2.89.0/denonext/postgrest-js.mjs": "ea872d4b524536fb76244c6760db6d21ad3862ca5640e9e45ccc8c94e6bd3c3b",
    "https://esm.sh/@supabase/realtime-js@2.89.0/denonext/realtime-js.mjs": "e98f81bcfb8fed536a7aeb67d8008c320f465c235107ac69f48dddd861ad2b4e",
    "https://esm.sh/@supabase/storage-js@2.89.0/denonext/storage-js.mjs": "4dbf4d7138af35a46733d2043e58d73c72e1a2dc40738a71f5ea98fb27a3ed55",
    "https://esm.sh/@supabase/supabase-js@2.89.0": "afc79f2684e433766a2e1b1dc84be3393c5982ad0368d9a9b0a6e567f4f0dee4",
    "https://esm.sh/@supabase/supabase-js@2.89.0/denonext/supabase-js.mjs": "0fd755a0eb58d38459cf3bfc839539eb4f93871c6662409e7e1ea922cd442159",
    "https://esm.sh/iceberg-js@0.8.1/denonext/iceberg-js.mjs": "d839d81a2e3966500ca2cdd0c1cb458e9608bacfc91f7bb67a69b2e878dcdb4f",
    "https://esm.sh/iceberg-js@0.8.1?target=denonext": "58c849d7fe2bf4eca4a84eb501e83c161a7d8c34ca1bec15a962b3bec3062633",
    "https://esm.sh/openai@4.28.0": "9e07cdb2f27ce5425c29eee45be531a8742be3eceb35933d2bb8c97c1b92cf8c",
    "https://esm.sh/openai@4.28.0/denonext/_shims/MultipartBody.mjs": "bd766d0ba300b42db906525ffdb27e1756501b5983215c452acac353ae584757",
    "https://esm.sh/openai@4.28.0/denonext/_shims/auto/runtime.mjs": "6ce55ca9f4b678d383faf7db16b047d96b0767c582b64d90650c8def80774327",
    "https://esm.sh/openai@4.28.0/denonext/_shims/index.mjs": "e74ea1ee857d8ba6cf6763e36067d6bd4977f5dc9782251286c2fe40651098ef",
    "https://esm.sh/openai@4.28.0/denonext/_shims/registry.mjs": "1c2273bbddc362ddf6ebd51c50feff2d9d34a7086c9bf1064f549586d70d2578",
    "https://esm.sh/openai@4.28.0/denonext/_shims/web-runtime.mjs": "7053c43c5eafa90664f3e62bb72a4da485d9a578f8b607d6588626d992082176",
    "https://esm.sh/openai@4.28.0/denonext/core.mjs": "f14d8bbecac722122dfc99ecb19788bb098c4431c9f11aad8f28e717791a9da0",
    "https://esm.sh/openai@4.28.0/denonext/error.mjs": "eade995d725f88f5edbda40af18f148d687242a7188e935c0ea040e4f113a7cb",
    "https://esm.sh/openai@4.28.0/denonext/lib/AbstractChatCompletionRunner.mjs": "515c846dc7b305ae23853240e6a35917da8fef0fd41c04332119d34ecfa097fe",
    "https://esm.sh/openai@4.28.0/denonext/lib/ChatCompletionRunner.mjs": "fcf4cdd66522a6f4cffec0a718cd93063abfe13db52f0985251c386abc09d55e",
    "https://esm.sh/openai@4.28.0/denonext/lib/ChatCompletionStream.mjs": "59816613ab97b4e39161487a0b26e158e99613db1099faae386a5c29659769f5",
    "https://esm.sh/openai@4.28.0/denonext/lib/ChatCompletionStreamingRunner.mjs": "7357875a2ea7b888697e91bef19808ef5c268354107d367e3d12bd1ee4b16419",
    "https://esm.sh/openai@4.28.0/denonext/lib/RunnableFunction.mjs": "050940c1a6fc2cfdd2980889a57a2404d48b6b9c137ca6979cef5a961760d349",
    "https://esm.sh/openai@4.28.0/denonext/lib/chatCompletionUtils.mjs": "28662c8a3343a289b86f3908b479d480a6bba51007b4f9a97b924b505909a71b",
    "https://esm.sh/openai@4.28.0/denonext/openai.mjs": "bfd5f30449f64ebd9f879e8d51a2689a7ce741c552bfc665ebeba6dff84ebbfc",
    "https://esm.sh/openai@4.28.0/denonext/pagination.mjs": "b230d69ac64fd6e1d41e7515b3a0211d1a9a1d408314e7b5ff89ded0f7807ef3",
    "https://esm.sh/openai@4.28.0/denonext/resource.mjs": "0b34a7902259d305c7e7bba48567834451b025c4c9ae6e85b59a921f6da457ea",
    "https://esm.sh/openai@4.28.0/denonext/resources/audio/audio.mjs": "6c2de97c52901141084833c03a7075772cc002624541f711ece539ab19675c99",
    "https://esm.sh/openai@4.28.0/denonext/resources/audio/speech.mjs": "93274daca1973290a4d437a408656d8254303e204d30fac189dff920f8bf3bd6",
    "https://esm.sh/openai@4.28.0/denonext/resources/audio/transcriptions.mjs": "229e53b01aff2500e143c76fed6c7b679b44f345ffdd7e0727c5ad4ed2a05237",
    "https://esm.sh/openai@4.28.0/denonext/resources/audio/translations.mjs": "5057576e0724c892c1876ac511da3ed4fbad2e09785bf4414860b7564b4d933e",
    "https://esm.sh/openai@4.28.0/denonext/resources/beta/assistants/assistants.mjs": "0e445cf4263aad0badc5a8c60ebad8093a68edf06b84eaa51120ecaccf1bf969",
    "https://esm.sh/openai@4.28.0/denonext/resources/beta/assistants/files.mjs": "0a37cf5c0867207580820f6a615b43c76ae04cdeb236b025e5938aff61774333",
    "https://esm.sh/openai@4.28.0/denonext/resources/beta/beta.mjs": "61902267e68160fa0771c941eb685439a84ac00bed4b4d318cb9013b74dc7aca",
    "https://esm.sh/openai@4.28.0/denonext/resources/beta/chat/chat.mjs": "8c61eeea1552234d683e3797ba34d5766eb0113309c67194189c41d4d06c5822",
    "https://esm.sh/openai@4.28.0/denonext/resources/beta/chat/completions.mjs": "820c2918def872c42f5538a3f36fb1d2133957c6d9faa1f83a78f61d6ce5678a",
    "https://esm.sh/openai@4.28.0/denonext/resources/beta/threads/messages/files.mjs": "9bf0924a880c89dc1cccb13c01ac780d7f5e033fb3f7536075b6f27976e04fb0",
    "https://esm.sh/openai@4.28.0/denonext/resources/beta/threads/messages/messages.mjs": "e5619f9b8896e0862483158008b22e05e3a023a504bf373ae9c00c0e5f44b58a",
    "https://esm.sh/openai@4.28.0/denonext/resources/beta/threads/runs/runs.mjs": "fe3e74ab19bacf8234283ad1f46153b1df8d74273c6acc1d0568dbfa50f36c22",
    "https://esm.sh/openai@4.28.0/denonext/resources/beta/threads/runs/steps.mjs": "553ac61e22f080706abed74c88af95757b036f8ecec92c5ebcc96cc6c2de02af",
    "https://esm.sh/openai@4.28.0/denonext/resources/beta/threads/threads.mjs": "d53beb7df40874deff124afe11c364cafe599e64b119840d04f572b8dd6530e2",
    "https://esm.sh/openai@4.28.0/denonext/resources/chat/chat.mjs": "438267213833e781fb1bd195589f1414955d636e08bd9e6b78a8da6f8ec51a78",
    "https://esm.sh/openai@4.28.0/denonext/resources/chat/completions.mjs": "3441223cb8b2dd358c549f9cbbb3769c8a232c0601315d84dd79e851162fd457",
    "https://esm.sh/openai@4.28.0/denonext/resources/chat/index.mjs": "174d61745db71c0c7788c86e122e1207c970401e3b10197aaafeda5d16c65eb0",
    "https://esm.sh/openai@4.28.0/denonext/resources/completions.mjs": "ba1a88dcd72b6931a443af03cbc3d199f9f925541cde7563c8d1845511802c3b",
    "https://esm.sh/openai@4.28.0/denonext/resources/embeddings.mjs": "443f116170fd6a1ac9ab54e4e47c30fa21a9059b9b9dd71722af87c6782255b7",
    "https://esm.sh/openai@4.28.0/denonext/resources/files.mjs": "963d530f5badfe0eacf28c40354f054fc14f66e2092392c6915a454e4f37d2b1",
    "https://esm.sh/openai@4.28.0/denonext/resources/fine-tuning/fine-tuning.mjs": "75203b814d936a20bce4762f25829351c04fda23aacc7ea39b50d3256788a50a",
    "https://esm.sh/openai@4.28.0/denonext/resources/fine-tuning/jobs.mjs": "99420ca5ab3d5b570dd8126fc2bea65bd42a5af29bb079f2702bac8117befea8",
    "https://esm.sh/openai@4.28.0/denonext/resources/images.mjs": "29b6c8f6b27fbac447f66d6e516505e708bf95d449a933e173a9fece75ee7278",
    "https://esm.sh/openai@4.28.0/denonext/resources/index.mjs": "533c6052f1e3f1b4e2899e03d1eb8c7f5e87513672f6f7b4c25a717b7c3d19bd",
    "https://esm.sh/openai@4.28.0/denonext/resources/models.mjs": "61ed16d0f0e314027b2f9089d2bfc43eb80c562e24c2c5274ce33ee805bcd780",
    "https://esm.sh/openai@4.28.0/denonext/resources/moderations.mjs": "78918bbb2e68a4087fd9a266d04bac9d3408700b754b658c6075deeee2fcdfb7",
    "https://esm.sh/openai@4.28.0/denonext/resources/shared.mjs": "dc389b961a66873c6c6ce0ad2582bce46ef6817e8b9225ada0914bd7ea5c086d",
    "https://esm.sh/openai@4.28.0/denonext/streaming.mjs": "80f39b40da0b3e4d58007a8204cf6a1c50b12f59801bd128c1f41e7c9f57cacb",
    "https://esm.sh/openai@4.28.0/denonext/uploads.mjs": "8b117bce3f764d007197269a4eeff065cde9d4120450fb3d21a30245cbcb8787",
    "https://esm.sh/openai@4.28.0/denonext/version.mjs": "a36aaf6eb3d473c18f95bcfad8b19931f91e62aba5aa5f7edaa97925feebfa11",
    "https://esm.sh/tslib@2.8.1/denonext/tslib.mjs": "c38da5dd6da6281964435002ce204cd586634fe3bdfb24a0ee116f48cf3292e9"
  }
}
